<?xml version="1.0" encoding="UTF-8"?>
<CONFIG>
  <ProjectOptions>
    <Version Value="9"/>
    <General>
      <SessionStorage Value="InProjectDir"/>
      <MainUnit Value="0"/>
      <Title Value="Schedule"/>
      <ResourceType Value="res"/>
      <UseXPManifest Value="True"/>
      <Icon Value="0"/>
    </General>
    <i18n>
      <EnableI18N LFM="False"/>
    </i18n>
    <VersionInfo>
      <StringTable ProductVersion=""/>
    </VersionInfo>
    <BuildModes Count="1">
      <Item1 Name="Default" Default="True"/>
    </BuildModes>
    <PublishOptions>
      <Version Value="2"/>
      <IncludeFileFilter Value="*.(pas|pp|inc|lfm|lpr|lrs|lpi|lpk|sh|xml)"/>
      <ExcludeFileFilter Value="*.(bak|ppu|o|so);*~;backup"/>
    </PublishOptions>
    <RunParams>
      <local>
        <FormatVersion Value="1"/>
      </local>
    </RunParams>
    <RequiredPackages Count="4">
      <Item1>
        <PackageName Value="LazControls"/>
      </Item1>
      <Item2>
        <PackageName Value="FCL"/>
      </Item2>
      <Item3>
        <PackageName Value="SQLDBLaz"/>
      </Item3>
      <Item4>
        <PackageName Value="LCL"/>
      </Item4>
    </RequiredPackages>
    <Units Count="11">
      <Unit0>
        <Filename Value="Schedule.lpr"/>
        <IsPartOfProject Value="True"/>
        <UnitName Value="Schedule"/>
      </Unit0>
      <Unit1>
        <Filename Value="main.pas"/>
        <IsPartOfProject Value="True"/>
        <ComponentName Value="MainForm"/>
        <HasResources Value="True"/>
        <ResourceBaseClass Value="Form"/>
        <UnitName Value="main"/>
      </Unit1>
      <Unit2>
        <Filename Value="reference_form.pas"/>
        <IsPartOfProject Value="True"/>
        <ComponentName Value="RefForm"/>
        <HasResources Value="True"/>
        <ResourceBaseClass Value="Form"/>
        <UnitName Value="reference_form"/>
      </Unit2>
      <Unit3>
        <Filename Value="data.pas"/>
        <IsPartOfProject Value="True"/>
        <ComponentName Value="DBData"/>
        <HasResources Value="True"/>
        <ResourceBaseClass Value="DataModule"/>
        <UnitName Value="data"/>
      </Unit3>
      <Unit4>
        <Filename Value="metadata.pas"/>
        <IsPartOfProject Value="True"/>
        <UnitName Value="metadata"/>
      </Unit4>
      <Unit5>
        <Filename Value="search_frame.pas"/>
        <IsPartOfProject Value="True"/>
        <ComponentName Value="SearchFrame"/>
        <HasResources Value="True"/>
        <ResourceBaseClass Value="Frame"/>
        <UnitName Value="search_frame"/>
      </Unit5>
      <Unit6>
        <Filename Value="db_edit.pas"/>
        <IsPartOfProject Value="True"/>
        <UnitName Value="db_edit"/>
      </Unit6>
      <Unit7>
        <Filename Value="search_filter_frame.pas"/>
        <IsPartOfProject Value="True"/>
        <ComponentName Value="FilterFrame"/>
        <HasResources Value="True"/>
        <ResourceBaseClass Value="Frame"/>
        <UnitName Value="search_filter_frame"/>
      </Unit7>
      <Unit8>
        <Filename Value="record_edit_form.pas"/>
        <IsPartOfProject Value="True"/>
        <ComponentName Value="EditForm"/>
        <HasResources Value="True"/>
        <ResourceBaseClass Value="Form"/>
        <UnitName Value="record_edit_form"/>
      </Unit8>
      <Unit9>
        <Filename Value="time_table_form.pas"/>
        <IsPartOfProject Value="True"/>
        <ComponentName Value="TimeTable"/>
        <HasResources Value="True"/>
        <ResourceBaseClass Value="Form"/>
        <UnitName Value="time_table_form"/>
      </Unit9>
      <Unit10>
        <Filename Value="conflict_form.pas"/>
        <IsPartOfProject Value="True"/>
        <ComponentName Value="ConflictForm"/>
        <HasResources Value="True"/>
        <ResourceBaseClass Value="Form"/>
        <UnitName Value="conflict_form"/>
      </Unit10>
    </Units>
  </ProjectOptions>
  <CompilerOptions>
    <Version Value="11"/>
    <Target>
      <Filename Value="Schedule"/>
    </Target>
    <SearchPaths>
      <IncludeFiles Value="$(ProjOutDir)"/>
      <UnitOutputDirectory Value="lib/$(TargetCPU)-$(TargetOS)"/>
    </SearchPaths>
    <Linking>
      <Options>
        <Win32>
          <GraphicApplication Value="True"/>
        </Win32>
      </Options>
    </Linking>
    <Other>
      <CompilerMessages>
        <MsgFileName Value=""/>
      </CompilerMessages>
      <CompilerPath Value="$(CompPath)"/>
    </Other>
  </CompilerOptions>
  <Debugging>
    <Exceptions Count="5">
      <Item1>
        <Name Value="EAbort"/>
      </Item1>
      <Item2>
        <Name Value="ECodetoolError"/>
      </Item2>
      <Item3>
        <Name Value="EFOpenError"/>
      </Item3>
      <Item4>
        <Name Value="EInterfaceWarning"/>
      </Item4>
      <Item5>
        <Name Value="EDatabaseError"/>
      </Item5>
    </Exceptions>
  </Debugging>
</CONFIG>
